{
  "name": "create-sass-app",
  "version": "1.0.0",
  "lockfileVersion": 1,
  "requires": true,
  "dependencies": {
    "boilerplate-readme-template": {
      "version": "1.0.1",
      "resolved": "https://registry.npmjs.org/boilerplate-readme-template/-/boilerplate-readme-template-1.0.1.tgz",
      "integrity": "sha512-xHcw1JGIlulTpIVnVxlI8a+I9ZNKtbv8jcs/zaG/gfEy1V4Z5t7Cf1E9MfySUesmYvrzHpJLwsCiQeqC7HNXRw=="
    }
  }
}
